
Microsoft Visual Studio Solution File, Format Version 12.00
# Visual Studio Version 16
VisualStudioVersion = 16.0.30907.101
MinimumVisualStudioVersion = 10.0.40219.1
Project("{FAE04EC0-301F-11D3-BF4B-00C04F79EFBC}") = "LABA_1_OOP", "LABA_1_OOP\LABA_1_OOP.csproj", "{539D0C3C-8EE7-4838-B840-688653CEDEBE}"
EndProject
Global
	GlobalSection(SolutionConfigurationPlatforms) = preSolution
		Debug|Any CPU = Debug|Any CPU
		Release|Any CPU = Release|Any CPU
	EndGlobalSection
	GlobalSection(ProjectConfigurationPlatforms) = postSolution
		{539D0C3C-8EE7-4838-B840-688653CEDEBE}.Debug|Any CPU.ActiveCfg = Debug|Any CPU
		{539D0C3C-8EE7-4838-B840-688653CEDEBE}.Debug|Any CPU.Build.0 = Debug|Any CPU
		{539D0C3C-8EE7-4838-B840-688653CEDEBE}.Release|Any CPU.ActiveCfg = Release|Any CPU
		{539D0C3C-8EE7-4838-B840-688653CEDEBE}.Release|Any CPU.Build.0 = Release|Any CPU
	EndGlobalSection
	GlobalSection(SolutionProperties) = preSolution
		HideSolutionNode = FALSE
	EndGlobalSection
	GlobalSection(ExtensibilityGlobals) = postSolution
		SolutionGuid = {8DAF1749-8B1D-404C-BC00-849980277106}
	EndGlobalSection
EndGlobal
